
Microsoft Visual Studio Solution File, Format Version 12.00
# Visual Studio Version 16
VisualStudioVersion = 16.0.29009.5
MinimumVisualStudioVersion = 10.0.40219.1
Project("{FAE04EC0-301F-11D3-BF4B-00C04F79EFBC}") = "AplayDelagate", "AplayDelagate\AplayDelagate.csproj", "{4FC7FFAF-4342-4B52-B204-88A68E52524C}"
EndProject
Global
	GlobalSection(SolutionConfigurationPlatforms) = preSolution
		Debug|Any CPU = Debug|Any CPU
		Release|Any CPU = Release|Any CPU
	EndGlobalSection
	GlobalSection(ProjectConfigurationPlatforms) = postSolution
		{4FC7FFAF-4342-4B52-B204-88A68E52524C}.Debug|Any CPU.ActiveCfg = Debug|Any CPU
		{4FC7FFAF-4342-4B52-B204-88A68E52524C}.Debug|Any CPU.Build.0 = Debug|Any CPU
		{4FC7FFAF-4342-4B52-B204-88A68E52524C}.Release|Any CPU.ActiveCfg = Release|Any CPU
		{4FC7FFAF-4342-4B52-B204-88A68E52524C}.Release|Any CPU.Build.0 = Release|Any CPU
	EndGlobalSection
	GlobalSection(SolutionProperties) = preSolution
		HideSolutionNode = FALSE
	EndGlobalSection
	GlobalSection(ExtensibilityGlobals) = postSolution
		SolutionGuid = {DC2FEBE3-EE46-4358-8258-8A7246969EA4}
	EndGlobalSection
EndGlobal
